{
  "name": "guitarmodel",
  "version": "1.0.0",
  "lockfileVersion": 3,
  "requires": true,
  "author": "Your Name",
  "description": "An app that suggests short melodies based on user input chords.",
  "license": "MIT",
  "main": "GuitarApp.js",
  "packages": {
    "": {
      "name": "guitarmodel",
      "version": "1.0.0",
      "license": "ISC"
    }
  },
  "scripts": {
    "start": "node GuitarApp.js",
    "test": "echo \"Error: no test specified\" && exit 1"
  }
}
